
Microsoft Visual Studio Solution File, Format Version 12.00
# Visual Studio Version 17
VisualStudioVersion = 17.11.35327.3
MinimumVisualStudioVersion = 10.0.40219.1
Project("{9A19103F-16F7-4668-BE54-9A1E7A4F7556}") = "NZWalks.API", "NZWalks.API\NZWalks.API.csproj", "{6704427D-4AB6-4E01-B6F2-501BF966693F}"
EndProject
Project("{FAE04EC0-301F-11D3-BF4B-00C04F79EFBC}") = "NZWalksUI", "NZWalksUI\NZWalksUI.csproj", "{07742FFC-FE13-40A1-8C7A-40DA68AF7230}"
EndProject
Global
	GlobalSection(SolutionConfigurationPlatforms) = preSolution
		Debug|Any CPU = Debug|Any CPU
		Release|Any CPU = Release|Any CPU
	EndGlobalSection
	GlobalSection(ProjectConfigurationPlatforms) = postSolution
		{6704427D-4AB6-4E01-B6F2-501BF966693F}.Debug|Any CPU.ActiveCfg = Debug|Any CPU
		{6704427D-4AB6-4E01-B6F2-501BF966693F}.Debug|Any CPU.Build.0 = Debug|Any CPU
		{6704427D-4AB6-4E01-B6F2-501BF966693F}.Release|Any CPU.ActiveCfg = Release|Any CPU
		{6704427D-4AB6-4E01-B6F2-501BF966693F}.Release|Any CPU.Build.0 = Release|Any CPU
		{07742FFC-FE13-40A1-8C7A-40DA68AF7230}.Debug|Any CPU.ActiveCfg = Debug|Any CPU
		{07742FFC-FE13-40A1-8C7A-40DA68AF7230}.Debug|Any CPU.Build.0 = Debug|Any CPU
		{07742FFC-FE13-40A1-8C7A-40DA68AF7230}.Release|Any CPU.ActiveCfg = Release|Any CPU
		{07742FFC-FE13-40A1-8C7A-40DA68AF7230}.Release|Any CPU.Build.0 = Release|Any CPU
	EndGlobalSection
	GlobalSection(SolutionProperties) = preSolution
		HideSolutionNode = FALSE
	EndGlobalSection
	GlobalSection(ExtensibilityGlobals) = postSolution
		SolutionGuid = {F649C00A-E275-4F20-8A2C-F6BC92853CDC}
	EndGlobalSection
EndGlobal
